<?xml version="1.0" encoding="UTF-8"?>
<CodeBlocks_project_file>
	<FileVersion major="1" minor="6"/>
	<Project>
		<Option title="Hybrid_Quicksort"/>
		<Option makefile_is_custom="1"/>
		<Option compiler="gcc"/>
		<Option virtualFolders="CMake Files\;"/>
		<Build>
			<Target title="all">
				<Option working_dir="/home/andrewiii/CLionProjects/Hybrid-Quicksort"/>
				<Option type="4"/>
				<MakeCommands>
					<Build command="/usr/bin/make -f &quot;/home/andrewiii/CLionProjects/Hybrid-Quicksort/Makefile&quot;  VERBOSE=1 all"/>
					<CompileFile command="/usr/bin/make -f &quot;/home/andrewiii/CLionProjects/Hybrid-Quicksort/Makefile&quot;  VERBOSE=1 &quot;$file&quot;"/>
					<Clean command="/usr/bin/make -f &quot;/home/andrewiii/CLionProjects/Hybrid-Quicksort/Makefile&quot;  VERBOSE=1 clean"/>
					<DistClean command="/usr/bin/make -f &quot;/home/andrewiii/CLionProjects/Hybrid-Quicksort/Makefile&quot;  VERBOSE=1 clean"/>
				</MakeCommands>
			</Target>
			<Target title="edit_cache">
				<Option working_dir="/home/andrewiii/CLionProjects/Hybrid-Quicksort"/>
				<Option type="4"/>
				<MakeCommands>
					<Build command="/usr/bin/make -f &quot;/home/andrewiii/CLionProjects/Hybrid-Quicksort/Makefile&quot;  VERBOSE=1 edit_cache"/>
					<CompileFile command="/usr/bin/make -f &quot;/home/andrewiii/CLionProjects/Hybrid-Quicksort/Makefile&quot;  VERBOSE=1 &quot;$file&quot;"/>
					<Clean command="/usr/bin/make -f &quot;/home/andrewiii/CLionProjects/Hybrid-Quicksort/Makefile&quot;  VERBOSE=1 clean"/>
					<DistClean command="/usr/bin/make -f &quot;/home/andrewiii/CLionProjects/Hybrid-Quicksort/Makefile&quot;  VERBOSE=1 clean"/>
				</MakeCommands>
			</Target>
			<Target title="rebuild_cache">
				<Option working_dir="/home/andrewiii/CLionProjects/Hybrid-Quicksort"/>
				<Option type="4"/>
				<MakeCommands>
					<Build command="/usr/bin/make -f &quot;/home/andrewiii/CLionProjects/Hybrid-Quicksort/Makefile&quot;  VERBOSE=1 rebuild_cache"/>
					<CompileFile command="/usr/bin/make -f &quot;/home/andrewiii/CLionProjects/Hybrid-Quicksort/Makefile&quot;  VERBOSE=1 &quot;$file&quot;"/>
					<Clean command="/usr/bin/make -f &quot;/home/andrewiii/CLionProjects/Hybrid-Quicksort/Makefile&quot;  VERBOSE=1 clean"/>
					<DistClean command="/usr/bin/make -f &quot;/home/andrewiii/CLionProjects/Hybrid-Quicksort/Makefile&quot;  VERBOSE=1 clean"/>
				</MakeCommands>
			</Target>
			<Target title="Hybrid_Quicksort">
				<Option output="/home/andrewiii/CLionProjects/Hybrid-Quicksort/Hybrid_Quicksort" prefix_auto="0" extension_auto="0"/>
				<Option working_dir="/home/andrewiii/CLionProjects/Hybrid-Quicksort"/>
				<Option object_output="./"/>
				<Option type="1"/>
				<Option compiler="gcc"/>
				<Compiler>
					<Add directory="/home/andrewiii/CLionProjects/Hybrid-Quicksort/."/>
				</Compiler>
				<MakeCommands>
					<Build command="/usr/bin/make -f &quot;/home/andrewiii/CLionProjects/Hybrid-Quicksort/Makefile&quot;  VERBOSE=1 Hybrid_Quicksort"/>
					<CompileFile command="/usr/bin/make -f &quot;/home/andrewiii/CLionProjects/Hybrid-Quicksort/Makefile&quot;  VERBOSE=1 &quot;$file&quot;"/>
					<Clean command="/usr/bin/make -f &quot;/home/andrewiii/CLionProjects/Hybrid-Quicksort/Makefile&quot;  VERBOSE=1 clean"/>
					<DistClean command="/usr/bin/make -f &quot;/home/andrewiii/CLionProjects/Hybrid-Quicksort/Makefile&quot;  VERBOSE=1 clean"/>
				</MakeCommands>
			</Target>
			<Target title="Hybrid_Quicksort/fast">
				<Option output="/home/andrewiii/CLionProjects/Hybrid-Quicksort/Hybrid_Quicksort" prefix_auto="0" extension_auto="0"/>
				<Option working_dir="/home/andrewiii/CLionProjects/Hybrid-Quicksort"/>
				<Option object_output="./"/>
				<Option type="1"/>
				<Option compiler="gcc"/>
				<Compiler>
					<Add directory="/home/andrewiii/CLionProjects/Hybrid-Quicksort/."/>
				</Compiler>
				<MakeCommands>
					<Build command="/usr/bin/make -f &quot;/home/andrewiii/CLionProjects/Hybrid-Quicksort/Makefile&quot;  VERBOSE=1 Hybrid_Quicksort/fast"/>
					<CompileFile command="/usr/bin/make -f &quot;/home/andrewiii/CLionProjects/Hybrid-Quicksort/Makefile&quot;  VERBOSE=1 &quot;$file&quot;"/>
					<Clean command="/usr/bin/make -f &quot;/home/andrewiii/CLionProjects/Hybrid-Quicksort/Makefile&quot;  VERBOSE=1 clean"/>
					<DistClean command="/usr/bin/make -f &quot;/home/andrewiii/CLionProjects/Hybrid-Quicksort/Makefile&quot;  VERBOSE=1 clean"/>
				</MakeCommands>
			</Target>
		</Build>
		<Unit filename="/home/andrewiii/CLionProjects/Hybrid-Quicksort/Main.cpp">
			<Option target="Hybrid_Quicksort"/>
		</Unit>
		<Unit filename="/home/andrewiii/CLionProjects/Hybrid-Quicksort/Main.h">
			<Option target="Hybrid_Quicksort"/>
		</Unit>
		<Unit filename="/home/andrewiii/CLionProjects/Hybrid-Quicksort/hf.cpp">
			<Option target="Hybrid_Quicksort"/>
		</Unit>
		<Unit filename="/home/andrewiii/CLionProjects/Hybrid-Quicksort/hf.h">
			<Option target="Hybrid_Quicksort"/>
		</Unit>
		<Unit filename="/home/andrewiii/CLionProjects/Hybrid-Quicksort/hoare.cpp">
			<Option target="Hybrid_Quicksort"/>
		</Unit>
		<Unit filename="/home/andrewiii/CLionProjects/Hybrid-Quicksort/hoare.h">
			<Option target="Hybrid_Quicksort"/>
		</Unit>
		<Unit filename="/home/andrewiii/CLionProjects/Hybrid-Quicksort/lomuto.cpp">
			<Option target="Hybrid_Quicksort"/>
		</Unit>
		<Unit filename="/home/andrewiii/CLionProjects/Hybrid-Quicksort/lomuto.h">
			<Option target="Hybrid_Quicksort"/>
		</Unit>
		<Unit filename="/home/andrewiii/CLionProjects/Hybrid-Quicksort/m5.cpp">
			<Option target="Hybrid_Quicksort"/>
		</Unit>
		<Unit filename="/home/andrewiii/CLionProjects/Hybrid-Quicksort/m5.h">
			<Option target="Hybrid_Quicksort"/>
		</Unit>
		<Unit filename="/home/andrewiii/CLionProjects/Hybrid-Quicksort/shell.cpp">
			<Option target="Hybrid_Quicksort"/>
		</Unit>
		<Unit filename="/home/andrewiii/CLionProjects/Hybrid-Quicksort/shell.h">
			<Option target="Hybrid_Quicksort"/>
		</Unit>
		<Unit filename="/home/andrewiii/CLionProjects/Hybrid-Quicksort/CMakeLists.txt">
			<Option virtualFolder="CMake Files\"/>
		</Unit>
	</Project>
</CodeBlocks_project_file>
